// !$*UTF8*$!
{
	archiveVersion = 1;
	classes = {
	};
	objectVersion = 52;
	objects = {

/* Begin PBXBuildFile section */
		B6046DF526B19E1900BD43C1 /* HeartZoneState.swift in Sources */ = {isa = PBXBuildFile; fileRef = B6046DF426B19E1900BD43C1 /* HeartZoneState.swift */; };
		B6046DF726B1B26100BD43C1 /* SameElementsContainerTests.swift in Sources */ = {isa = PBXBuildFile; fileRef = B6046DF626B1B26100BD43C1 /* SameElementsContainerTests.swift */; };
		B607E15B268E1EA90069FEA4 /* BpmContainerTests.swift in Sources */ = {isa = PBXBuildFile; fileRef = B607E15A268E1EA90069FEA4 /* BpmContainerTests.swift */; };
		B60BE83327385DA600A28A26 /* ShowingStrategyFacade.swift in Sources */ = {isa = PBXBuildFile; fileRef = B60BE83227385DA600A28A26 /* ShowingStrategyFacade.swift */; };
		B610ABA726923FCC00DA3FA8 /* SunView.swift in Sources */ = {isa = PBXBuildFile; fileRef = B610ABA626923FCC00DA3FA8 /* SunView.swift */; };
		B615E0272683BD1800B5DC91 /* HeartZonesKit.app in Embed Watch Content */ = {isa = PBXBuildFile; fileRef = B615E0262683BD1800B5DC91 /* HeartZonesKit.app */; settings = {ATTRIBUTES = (RemoveHeadersOnCopy, ); }; };
		B615E02C2683BD1900B5DC91 /* Assets.xcassets in Resources */ = {isa = PBXBuildFile; fileRef = B615E02B2683BD1900B5DC91 /* Assets.xcassets */; };
		B615E0332683BD1900B5DC91 /* HeartZones WatchKit Extension.appex in Embed App Extensions */ = {isa = PBXBuildFile; fileRef = B615E0322683BD1900B5DC91 /* HeartZones WatchKit Extension.appex */; settings = {ATTRIBUTES = (RemoveHeadersOnCopy, ); }; };
		B615E0422683BD1900B5DC91 /* Assets.xcassets in Resources */ = {isa = PBXBuildFile; fileRef = B615E0412683BD1900B5DC91 /* Assets.xcassets */; };
		B615E0452683BD1900B5DC91 /* Preview Assets.xcassets in Resources */ = {isa = PBXBuildFile; fileRef = B615E0442683BD1900B5DC91 /* Preview Assets.xcassets */; };
		B62DDBDD26ABFC0D001D3D26 /* HealthKitService.swift in Sources */ = {isa = PBXBuildFile; fileRef = B62DDBDC26ABFC0D001D3D26 /* HealthKitService.swift */; };
		B62DDBDF26AC0DEA001D3D26 /* HealthKitServiceMock.swift in Sources */ = {isa = PBXBuildFile; fileRef = B62DDBDE26AC0DEA001D3D26 /* HealthKitServiceMock.swift */; };
		B62DDBE326AC2F06001D3D26 /* AuthorizationManagerTests.swift in Sources */ = {isa = PBXBuildFile; fileRef = B62DDBE226AC2F06001D3D26 /* AuthorizationManagerTests.swift */; };
		B62EF908269E1FE40067E894 /* SunService.swift in Sources */ = {isa = PBXBuildFile; fileRef = B62EF907269E1FE40067E894 /* SunService.swift */; };
		B62EF90C269E211F0067E894 /* Solar in Frameworks */ = {isa = PBXBuildFile; productRef = B62EF90B269E211F0067E894 /* Solar */; };
		B636EF19272B234B0038BD85 /* WorkoutSummaryView.swift in Sources */ = {isa = PBXBuildFile; fileRef = B636EF18272B234B0038BD85 /* WorkoutSummaryView.swift */; };
		B636EF1B272B235E0038BD85 /* WorkoutSummaryViewModel.swift in Sources */ = {isa = PBXBuildFile; fileRef = B636EF1A272B235E0038BD85 /* WorkoutSummaryViewModel.swift */; };
		B637F8D826BFC12A00D81AA6 /* EnergyShowingStrategy.swift in Sources */ = {isa = PBXBuildFile; fileRef = B637F8D726BFC12A00D81AA6 /* EnergyShowingStrategy.swift */; };
		B637F8DA26BFC8A400D81AA6 /* DistanceShowingStrategy.swift in Sources */ = {isa = PBXBuildFile; fileRef = B637F8D926BFC8A400D81AA6 /* DistanceShowingStrategy.swift */; };
		B63AB83D269780FA007E07E9 /* DeviceBeepingManager.swift in Sources */ = {isa = PBXBuildFile; fileRef = B63AB83C269780FA007E07E9 /* DeviceBeepingManager.swift */; };
		B63AB83F26983C99007E07E9 /* HeartZoneServiceTests.swift in Sources */ = {isa = PBXBuildFile; fileRef = B63AB83E26983C99007E07E9 /* HeartZoneServiceTests.swift */; };
		B63AB84326983FB2007E07E9 /* WorkoutServiceFake.swift in Sources */ = {isa = PBXBuildFile; fileRef = B63AB84226983FB2007E07E9 /* WorkoutServiceFake.swift */; };
		B63AB84526983FE2007E07E9 /* DeviceBeeperMock.swift in Sources */ = {isa = PBXBuildFile; fileRef = B63AB84426983FE2007E07E9 /* DeviceBeeperMock.swift */; };
		B63AB8472698DB57007E07E9 /* LocationManager.swift in Sources */ = {isa = PBXBuildFile; fileRef = B63AB8462698DB56007E07E9 /* LocationManager.swift */; };
		B63E638A268B5962006593AA /* Interface.storyboard in Resources */ = {isa = PBXBuildFile; fileRef = B6628A75268A56CB00901D17 /* Interface.storyboard */; };
		B64D61EB26A342DC003E0737 /* SunViewWithMinutes.swift in Sources */ = {isa = PBXBuildFile; fileRef = B64D61EA26A342DC003E0737 /* SunViewWithMinutes.swift */; };
		B64E5CEF26B1EFBF0087F246 /* HeartZoneStateTests.swift in Sources */ = {isa = PBXBuildFile; fileRef = B64E5CEE26B1EFBF0087F246 /* HeartZoneStateTests.swift */; };
		B64E5CF126B1F0C20087F246 /* ZoneStateManagerMock.swift in Sources */ = {isa = PBXBuildFile; fileRef = B64E5CF026B1F0C20087F246 /* ZoneStateManagerMock.swift */; };
		B650A95B26878DAD0042B33D /* PieSegmentView.swift in Sources */ = {isa = PBXBuildFile; fileRef = B650A95A26878DAD0042B33D /* PieSegmentView.swift */; };
		B650A95F26878E1F0042B33D /* WorkoutViewModel.swift in Sources */ = {isa = PBXBuildFile; fileRef = B650A95E26878E1F0042B33D /* WorkoutViewModel.swift */; };
		B650A962268799C60042B33D /* WorkoutService.swift in Sources */ = {isa = PBXBuildFile; fileRef = B650A961268799C60042B33D /* WorkoutService.swift */; };
		B650A96626879E5B0042B33D /* HealthKit.framework in Frameworks */ = {isa = PBXBuildFile; fileRef = B650A96526879E5B0042B33D /* HealthKit.framework */; };
		B650A9692688853A0042B33D /* WorkoutType.swift in Sources */ = {isa = PBXBuildFile; fileRef = B650A9682688853A0042B33D /* WorkoutType.swift */; };
		B650A96B2688857E0042B33D /* WorkoutSelectionViewModel.swift in Sources */ = {isa = PBXBuildFile; fileRef = B650A96A2688857E0042B33D /* WorkoutSelectionViewModel.swift */; };
		B650A96D26888AD10042B33D /* Workout.swift in Sources */ = {isa = PBXBuildFile; fileRef = B650A96C26888AD10042B33D /* Workout.swift */; };
		B650A96F2688955F0042B33D /* HeartZone.swift in Sources */ = {isa = PBXBuildFile; fileRef = B650A96E2688955F0042B33D /* HeartZone.swift */; };
		B650A971268895800042B33D /* HeartZoneService.swift in Sources */ = {isa = PBXBuildFile; fileRef = B650A970268895800042B33D /* HeartZoneService.swift */; };
		B6607B2526AC40C400C0C0EE /* AuthorizationManager.swift in Sources */ = {isa = PBXBuildFile; fileRef = B62DDBE026AC22A5001D3D26 /* AuthorizationManager.swift */; };
		B6607B2726AC4CB700C0C0EE /* AuthorizableFake.swift in Sources */ = {isa = PBXBuildFile; fileRef = B6607B2626AC4CB700C0C0EE /* AuthorizableFake.swift */; };
		B661A3EF26B536D200E78D8E /* SettingsView.swift in Sources */ = {isa = PBXBuildFile; fileRef = B661A3EE26B536D200E78D8E /* SettingsView.swift */; };
		B661A3F226B5622000E78D8E /* SettingsRepository.swift in Sources */ = {isa = PBXBuildFile; fileRef = B661A3F126B5622000E78D8E /* SettingsRepository.swift */; };
		B661A3F426B5625700E78D8E /* SettingsViewModel.swift in Sources */ = {isa = PBXBuildFile; fileRef = B661A3F326B5625700E78D8E /* SettingsViewModel.swift */; };
		B661A3F626B56D5300E78D8E /* LazyView.swift in Sources */ = {isa = PBXBuildFile; fileRef = B661A3F526B56D5300E78D8E /* LazyView.swift */; };
		B661A3F826B572D200E78D8E /* SettingsRepositoryFake.swift in Sources */ = {isa = PBXBuildFile; fileRef = B661A3F726B572D200E78D8E /* SettingsRepositoryFake.swift */; };
		B6628A71268A538300901D17 /* HostingController.swift in Sources */ = {isa = PBXBuildFile; fileRef = B6628A6F268A538300901D17 /* HostingController.swift */; };
		B6628A72268A538300901D17 /* ExtensionDelegate.swift in Sources */ = {isa = PBXBuildFile; fileRef = B6628A70268A538300901D17 /* ExtensionDelegate.swift */; };
		B66C863A27133DDC00C03FD4 /* HeartZoneCircularPickerView.swift in Sources */ = {isa = PBXBuildFile; fileRef = B66C863927133DDC00C03FD4 /* HeartZoneCircularPickerView.swift */; };
		B68999132709FD1500F92061 /* UserDefaultsManager.swift in Sources */ = {isa = PBXBuildFile; fileRef = B68999122709FD1500F92061 /* UserDefaultsManager.swift */; };
		B697B4FE268B9A77003558C8 /* Swinject in Frameworks */ = {isa = PBXBuildFile; productRef = B697B4FD268B9A77003558C8 /* Swinject */; };
		B697B500268BBD6E003558C8 /* WorkoutControlsViewModel.swift in Sources */ = {isa = PBXBuildFile; fileRef = B697B4FF268BBD6E003558C8 /* WorkoutControlsViewModel.swift */; };
		B6AFC1A526A5917100616311 /* BeepingService.swift in Sources */ = {isa = PBXBuildFile; fileRef = B6AFC1A426A5917100616311 /* BeepingService.swift */; };
		B6AFC1AA26A59C4D00616311 /* BeepingServiceMock.swift in Sources */ = {isa = PBXBuildFile; fileRef = B6AFC1A926A59C4D00616311 /* BeepingServiceMock.swift */; };
		B6AFC1AB26A5A03E00616311 /* BeepingServiceTests.swift in Sources */ = {isa = PBXBuildFile; fileRef = B6AFC1A726A59BD100616311 /* BeepingServiceTests.swift */; };
		B6AFC1AD26A5A33400616311 /* HeartZoneSettingsTests.swift in Sources */ = {isa = PBXBuildFile; fileRef = B6AFC1AC26A5A33400616311 /* HeartZoneSettingsTests.swift */; };
		B6AFC1AF26A5A41800616311 /* DistanceContainerTests.swift in Sources */ = {isa = PBXBuildFile; fileRef = B6AFC1AE26A5A41800616311 /* DistanceContainerTests.swift */; };
		B6B14A6F26B6865F003CAF97 /* SettingsService.swift in Sources */ = {isa = PBXBuildFile; fileRef = B6B14A6E26B6865F003CAF97 /* SettingsService.swift */; };
		B6B14A7126B68B65003CAF97 /* SettingsServiceFake.swift in Sources */ = {isa = PBXBuildFile; fileRef = B6B14A7026B68B65003CAF97 /* SettingsServiceFake.swift */; };
		B6B14A7326B6D08E003CAF97 /* Metrics.swift in Sources */ = {isa = PBXBuildFile; fileRef = B6B14A7226B6D08E003CAF97 /* Metrics.swift */; };
		B6B6EC9A268E465800170E39 /* Containers.swift in Sources */ = {isa = PBXBuildFile; fileRef = B6B6EC99268E465800170E39 /* Containers.swift */; };
		B6D1397F26B3105200396285 /* DeviceBeeper.swift in Sources */ = {isa = PBXBuildFile; fileRef = B6D1397E26B3105200396285 /* DeviceBeeper.swift */; };
		B6DD62E82702085500E639B0 /* HeartZoneSettingsViewModel.swift in Sources */ = {isa = PBXBuildFile; fileRef = B6DD62E72702085500E639B0 /* HeartZoneSettingsViewModel.swift */; };
		B6E30C3C26850F73007CCA38 /* WorkoutSelectionView.swift in Sources */ = {isa = PBXBuildFile; fileRef = B6E30C3B26850F73007CCA38 /* WorkoutSelectionView.swift */; };
		B6E30C4126851996007CCA38 /* WorkoutControlsView.swift in Sources */ = {isa = PBXBuildFile; fileRef = B6E30C4026851996007CCA38 /* WorkoutControlsView.swift */; };
		B6E30C43268519B8007CCA38 /* WorkoutRunningView.swift in Sources */ = {isa = PBXBuildFile; fileRef = B6E30C42268519B8007CCA38 /* WorkoutRunningView.swift */; };
/* End PBXBuildFile section */

/* Begin PBXContainerItemProxy section */
		B615E0282683BD1800B5DC91 /* PBXContainerItemProxy */ = {
			isa = PBXContainerItemProxy;
			containerPortal = B615E01C2683BD1800B5DC91 /* Project object */;
			proxyType = 1;
			remoteGlobalIDString = B615E0252683BD1800B5DC91;
			remoteInfo = "HeartZones WatchKit App";
		};
		B615E0342683BD1900B5DC91 /* PBXContainerItemProxy */ = {
			isa = PBXContainerItemProxy;
			containerPortal = B615E01C2683BD1800B5DC91 /* Project object */;
			proxyType = 1;
			remoteGlobalIDString = B615E0312683BD1900B5DC91;
			remoteInfo = "HeartZones WatchKit Extension";
		};
		B615E04D2683BD1900B5DC91 /* PBXContainerItemProxy */ = {
			isa = PBXContainerItemProxy;
			containerPortal = B615E01C2683BD1800B5DC91 /* Project object */;
			proxyType = 1;
			remoteGlobalIDString = B615E0312683BD1900B5DC91;
			remoteInfo = "HeartZones WatchKit Extension";
		};
/* End PBXContainerItemProxy section */

/* Begin PBXCopyFilesBuildPhase section */
		B615E0632683BD1900B5DC91 /* Embed App Extensions */ = {
			isa = PBXCopyFilesBuildPhase;
			buildActionMask = 2147483647;
			dstPath = "";
			dstSubfolderSpec = 13;
			files = (
				B615E0332683BD1900B5DC91 /* HeartZones WatchKit Extension.appex in Embed App Extensions */,
			);
			name = "Embed App Extensions";
			runOnlyForDeploymentPostprocessing = 0;
		};
		B615E0672683BD1900B5DC91 /* Embed Watch Content */ = {
			isa = PBXCopyFilesBuildPhase;
			buildActionMask = 2147483647;
			dstPath = "$(CONTENTS_FOLDER_PATH)/Watch";
			dstSubfolderSpec = 16;
			files = (
				B615E0272683BD1800B5DC91 /* HeartZonesKit.app in Embed Watch Content */,
			);
			name = "Embed Watch Content";
			runOnlyForDeploymentPostprocessing = 0;
		};
/* End PBXCopyFilesBuildPhase section */

/* Begin PBXFileReference section */
		B6046DF426B19E1900BD43C1 /* HeartZoneState.swift */ = {isa = PBXFileReference; lastKnownFileType = sourcecode.swift; path = HeartZoneState.swift; sourceTree = "<group>"; };
		B6046DF626B1B26100BD43C1 /* SameElementsContainerTests.swift */ = {isa = PBXFileReference; lastKnownFileType = sourcecode.swift; path = SameElementsContainerTests.swift; sourceTree = "<group>"; };
		B607E15A268E1EA90069FEA4 /* BpmContainerTests.swift */ = {isa = PBXFileReference; lastKnownFileType = sourcecode.swift; path = BpmContainerTests.swift; sourceTree = "<group>"; };
		B60BE83227385DA600A28A26 /* ShowingStrategyFacade.swift */ = {isa = PBXFileReference; lastKnownFileType = sourcecode.swift; path = ShowingStrategyFacade.swift; sourceTree = "<group>"; };
		B610ABA626923FCC00DA3FA8 /* SunView.swift */ = {isa = PBXFileReference; lastKnownFileType = sourcecode.swift; path = SunView.swift; sourceTree = "<group>"; };
		B615E0222683BD1800B5DC91 /* HeartZones.app */ = {isa = PBXFileReference; explicitFileType = wrapper.application; includeInIndex = 0; path = HeartZones.app; sourceTree = BUILT_PRODUCTS_DIR; };
		B615E0262683BD1800B5DC91 /* HeartZonesKit.app */ = {isa = PBXFileReference; explicitFileType = wrapper.application; includeInIndex = 0; path = HeartZonesKit.app; sourceTree = BUILT_PRODUCTS_DIR; };
		B615E02B2683BD1900B5DC91 /* Assets.xcassets */ = {isa = PBXFileReference; lastKnownFileType = folder.assetcatalog; path = Assets.xcassets; sourceTree = "<group>"; };
		B615E02D2683BD1900B5DC91 /* Info.plist */ = {isa = PBXFileReference; lastKnownFileType = text.plist.xml; path = Info.plist; sourceTree = "<group>"; };
		B615E0322683BD1900B5DC91 /* HeartZones WatchKit Extension.appex */ = {isa = PBXFileReference; explicitFileType = "wrapper.app-extension"; includeInIndex = 0; path = "HeartZones WatchKit Extension.appex"; sourceTree = BUILT_PRODUCTS_DIR; };
		B615E0372683BD1900B5DC91 /* HeartZonesApp.swift */ = {isa = PBXFileReference; lastKnownFileType = sourcecode.swift; path = HeartZonesApp.swift; sourceTree = "<group>"; };
		B615E0412683BD1900B5DC91 /* Assets.xcassets */ = {isa = PBXFileReference; lastKnownFileType = folder.assetcatalog; path = Assets.xcassets; sourceTree = "<group>"; };
		B615E0442683BD1900B5DC91 /* Preview Assets.xcassets */ = {isa = PBXFileReference; lastKnownFileType = folder.assetcatalog; path = "Preview Assets.xcassets"; sourceTree = "<group>"; };
		B615E0462683BD1900B5DC91 /* Info.plist */ = {isa = PBXFileReference; lastKnownFileType = text.plist.xml; path = Info.plist; sourceTree = "<group>"; };
		B615E0472683BD1900B5DC91 /* PushNotificationPayload.apns */ = {isa = PBXFileReference; lastKnownFileType = text; path = PushNotificationPayload.apns; sourceTree = "<group>"; };
		B615E04C2683BD1900B5DC91 /* HeartZonesTests.xctest */ = {isa = PBXFileReference; explicitFileType = wrapper.cfbundle; includeInIndex = 0; path = HeartZonesTests.xctest; sourceTree = BUILT_PRODUCTS_DIR; };
		B615E0522683BD1900B5DC91 /* Info.plist */ = {isa = PBXFileReference; lastKnownFileType = text.plist.xml; path = Info.plist; sourceTree = "<group>"; };
		B62DDBDC26ABFC0D001D3D26 /* HealthKitService.swift */ = {isa = PBXFileReference; lastKnownFileType = sourcecode.swift; path = HealthKitService.swift; sourceTree = "<group>"; };
		B62DDBDE26AC0DEA001D3D26 /* HealthKitServiceMock.swift */ = {isa = PBXFileReference; lastKnownFileType = sourcecode.swift; path = HealthKitServiceMock.swift; sourceTree = "<group>"; };
		B62DDBE026AC22A5001D3D26 /* AuthorizationManager.swift */ = {isa = PBXFileReference; lastKnownFileType = sourcecode.swift; path = AuthorizationManager.swift; sourceTree = "<group>"; };
		B62DDBE226AC2F06001D3D26 /* AuthorizationManagerTests.swift */ = {isa = PBXFileReference; lastKnownFileType = sourcecode.swift; path = AuthorizationManagerTests.swift; sourceTree = "<group>"; };
		B62EF907269E1FE40067E894 /* SunService.swift */ = {isa = PBXFileReference; lastKnownFileType = sourcecode.swift; path = SunService.swift; sourceTree = "<group>"; };
		B634FC5626AF4A860082AE4E /* Info.plist */ = {isa = PBXFileReference; lastKnownFileType = text.plist.xml; path = Info.plist; sourceTree = "<group>"; };
		B636EF18272B234B0038BD85 /* WorkoutSummaryView.swift */ = {isa = PBXFileReference; lastKnownFileType = sourcecode.swift; path = WorkoutSummaryView.swift; sourceTree = "<group>"; };
		B636EF1A272B235E0038BD85 /* WorkoutSummaryViewModel.swift */ = {isa = PBXFileReference; lastKnownFileType = sourcecode.swift; path = WorkoutSummaryViewModel.swift; sourceTree = "<group>"; };
		B637F8D726BFC12A00D81AA6 /* EnergyShowingStrategy.swift */ = {isa = PBXFileReference; lastKnownFileType = sourcecode.swift; path = EnergyShowingStrategy.swift; sourceTree = "<group>"; };
		B637F8D926BFC8A400D81AA6 /* DistanceShowingStrategy.swift */ = {isa = PBXFileReference; lastKnownFileType = sourcecode.swift; path = DistanceShowingStrategy.swift; sourceTree = "<group>"; };
		B63AB83C269780FA007E07E9 /* DeviceBeepingManager.swift */ = {isa = PBXFileReference; lastKnownFileType = sourcecode.swift; path = DeviceBeepingManager.swift; sourceTree = "<group>"; };
		B63AB83E26983C99007E07E9 /* HeartZoneServiceTests.swift */ = {isa = PBXFileReference; lastKnownFileType = sourcecode.swift; path = HeartZoneServiceTests.swift; sourceTree = "<group>"; };
		B63AB84226983FB2007E07E9 /* WorkoutServiceFake.swift */ = {isa = PBXFileReference; lastKnownFileType = sourcecode.swift; path = WorkoutServiceFake.swift; sourceTree = "<group>"; };
		B63AB84426983FE2007E07E9 /* DeviceBeeperMock.swift */ = {isa = PBXFileReference; lastKnownFileType = sourcecode.swift; path = DeviceBeeperMock.swift; sourceTree = "<group>"; };
		B63AB8462698DB56007E07E9 /* LocationManager.swift */ = {isa = PBXFileReference; lastKnownFileType = sourcecode.swift; path = LocationManager.swift; sourceTree = "<group>"; };
		B64D61EA26A342DC003E0737 /* SunViewWithMinutes.swift */ = {isa = PBXFileReference; lastKnownFileType = sourcecode.swift; path = SunViewWithMinutes.swift; sourceTree = "<group>"; };
		B64E5CEE26B1EFBF0087F246 /* HeartZoneStateTests.swift */ = {isa = PBXFileReference; lastKnownFileType = sourcecode.swift; path = HeartZoneStateTests.swift; sourceTree = "<group>"; };
		B64E5CF026B1F0C20087F246 /* ZoneStateManagerMock.swift */ = {isa = PBXFileReference; lastKnownFileType = sourcecode.swift; path = ZoneStateManagerMock.swift; sourceTree = "<group>"; };
		B650A95A26878DAD0042B33D /* PieSegmentView.swift */ = {isa = PBXFileReference; lastKnownFileType = sourcecode.swift; path = PieSegmentView.swift; sourceTree = "<group>"; };
		B650A95E26878E1F0042B33D /* WorkoutViewModel.swift */ = {isa = PBXFileReference; lastKnownFileType = sourcecode.swift; path = WorkoutViewModel.swift; sourceTree = "<group>"; };
		B650A961268799C60042B33D /* WorkoutService.swift */ = {isa = PBXFileReference; lastKnownFileType = sourcecode.swift; path = WorkoutService.swift; sourceTree = "<group>"; };
		B650A96326879E5B0042B33D /* HeartZones WatchKit Extension.entitlements */ = {isa = PBXFileReference; lastKnownFileType = text.plist.entitlements; path = "HeartZones WatchKit Extension.entitlements"; sourceTree = "<group>"; };
		B650A96526879E5B0042B33D /* HealthKit.framework */ = {isa = PBXFileReference; lastKnownFileType = wrapper.framework; name = HealthKit.framework; path = Platforms/WatchOS.platform/Developer/SDKs/WatchOS7.4.sdk/System/Library/Frameworks/HealthKit.framework; sourceTree = DEVELOPER_DIR; };
		B650A9682688853A0042B33D /* WorkoutType.swift */ = {isa = PBXFileReference; lastKnownFileType = sourcecode.swift; path = WorkoutType.swift; sourceTree = "<group>"; };
		B650A96A2688857E0042B33D /* WorkoutSelectionViewModel.swift */ = {isa = PBXFileReference; lastKnownFileType = sourcecode.swift; path = WorkoutSelectionViewModel.swift; sourceTree = "<group>"; };
		B650A96C26888AD10042B33D /* Workout.swift */ = {isa = PBXFileReference; lastKnownFileType = sourcecode.swift; path = Workout.swift; sourceTree = "<group>"; };
		B650A96E2688955F0042B33D /* HeartZone.swift */ = {isa = PBXFileReference; lastKnownFileType = sourcecode.swift; path = HeartZone.swift; sourceTree = "<group>"; };
		B650A970268895800042B33D /* HeartZoneService.swift */ = {isa = PBXFileReference; lastKnownFileType = sourcecode.swift; path = HeartZoneService.swift; sourceTree = "<group>"; };
		B650A9722688C3A80042B33D /* CoreGraphics.framework */ = {isa = PBXFileReference; lastKnownFileType = wrapper.framework; name = CoreGraphics.framework; path = Platforms/WatchOS.platform/Developer/SDKs/WatchOS7.4.sdk/System/Library/Frameworks/CoreGraphics.framework; sourceTree = DEVELOPER_DIR; };
		B6607B2626AC4CB700C0C0EE /* AuthorizableFake.swift */ = {isa = PBXFileReference; lastKnownFileType = sourcecode.swift; path = AuthorizableFake.swift; sourceTree = "<group>"; };
		B661A3EE26B536D200E78D8E /* SettingsView.swift */ = {isa = PBXFileReference; lastKnownFileType = sourcecode.swift; path = SettingsView.swift; sourceTree = "<group>"; };
		B661A3F126B5622000E78D8E /* SettingsRepository.swift */ = {isa = PBXFileReference; lastKnownFileType = sourcecode.swift; path = SettingsRepository.swift; sourceTree = "<group>"; };
		B661A3F326B5625700E78D8E /* SettingsViewModel.swift */ = {isa = PBXFileReference; lastKnownFileType = sourcecode.swift; path = SettingsViewModel.swift; sourceTree = "<group>"; };
		B661A3F526B56D5300E78D8E /* LazyView.swift */ = {isa = PBXFileReference; lastKnownFileType = sourcecode.swift; path = LazyView.swift; sourceTree = "<group>"; };
		B661A3F726B572D200E78D8E /* SettingsRepositoryFake.swift */ = {isa = PBXFileReference; lastKnownFileType = sourcecode.swift; path = SettingsRepositoryFake.swift; sourceTree = "<group>"; };
		B6628A6F268A538300901D17 /* HostingController.swift */ = {isa = PBXFileReference; fileEncoding = 4; lastKnownFileType = sourcecode.swift; path = HostingController.swift; sourceTree = "<group>"; };
		B6628A70268A538300901D17 /* ExtensionDelegate.swift */ = {isa = PBXFileReference; fileEncoding = 4; lastKnownFileType = sourcecode.swift; path = ExtensionDelegate.swift; sourceTree = "<group>"; };
		B6628A75268A56CB00901D17 /* Interface.storyboard */ = {isa = PBXFileReference; lastKnownFileType = file.storyboard; path = Interface.storyboard; sourceTree = "<group>"; };
		B66C863927133DDC00C03FD4 /* HeartZoneCircularPickerView.swift */ = {isa = PBXFileReference; lastKnownFileType = sourcecode.swift; path = HeartZoneCircularPickerView.swift; sourceTree = "<group>"; };
		B68999122709FD1500F92061 /* UserDefaultsManager.swift */ = {isa = PBXFileReference; lastKnownFileType = sourcecode.swift; path = UserDefaultsManager.swift; sourceTree = "<group>"; };
		B697B4FF268BBD6E003558C8 /* WorkoutControlsViewModel.swift */ = {isa = PBXFileReference; lastKnownFileType = sourcecode.swift; path = WorkoutControlsViewModel.swift; sourceTree = "<group>"; };
		B6AFC1A426A5917100616311 /* BeepingService.swift */ = {isa = PBXFileReference; lastKnownFileType = sourcecode.swift; path = BeepingService.swift; sourceTree = "<group>"; };
		B6AFC1A726A59BD100616311 /* BeepingServiceTests.swift */ = {isa = PBXFileReference; lastKnownFileType = sourcecode.swift; path = BeepingServiceTests.swift; sourceTree = "<group>"; };
		B6AFC1A926A59C4D00616311 /* BeepingServiceMock.swift */ = {isa = PBXFileReference; lastKnownFileType = sourcecode.swift; path = BeepingServiceMock.swift; sourceTree = "<group>"; };
		B6AFC1AC26A5A33400616311 /* HeartZoneSettingsTests.swift */ = {isa = PBXFileReference; lastKnownFileType = sourcecode.swift; path = HeartZoneSettingsTests.swift; sourceTree = "<group>"; };
		B6AFC1AE26A5A41800616311 /* DistanceContainerTests.swift */ = {isa = PBXFileReference; lastKnownFileType = sourcecode.swift; path = DistanceContainerTests.swift; sourceTree = "<group>"; };
		B6B14A6E26B6865F003CAF97 /* SettingsService.swift */ = {isa = PBXFileReference; lastKnownFileType = sourcecode.swift; path = SettingsService.swift; sourceTree = "<group>"; };
		B6B14A7026B68B65003CAF97 /* SettingsServiceFake.swift */ = {isa = PBXFileReference; lastKnownFileType = sourcecode.swift; path = SettingsServiceFake.swift; sourceTree = "<group>"; };
		B6B14A7226B6D08E003CAF97 /* Metrics.swift */ = {isa = PBXFileReference; lastKnownFileType = sourcecode.swift; path = Metrics.swift; sourceTree = "<group>"; };
		B6B6EC99268E465800170E39 /* Containers.swift */ = {isa = PBXFileReference; lastKnownFileType = sourcecode.swift; path = Containers.swift; sourceTree = "<group>"; };
		B6CD785926FF291E00C195BD /* HeartZonesSettingsView.swift */ = {isa = PBXFileReference; lastKnownFileType = sourcecode.swift; path = HeartZonesSettingsView.swift; sourceTree = "<group>"; };
		B6D1397E26B3105200396285 /* DeviceBeeper.swift */ = {isa = PBXFileReference; lastKnownFileType = sourcecode.swift; path = DeviceBeeper.swift; sourceTree = "<group>"; };
		B6DD62E72702085500E639B0 /* HeartZoneSettingsViewModel.swift */ = {isa = PBXFileReference; lastKnownFileType = sourcecode.swift; path = HeartZoneSettingsViewModel.swift; sourceTree = "<group>"; };
		B6E30C3B26850F73007CCA38 /* WorkoutSelectionView.swift */ = {isa = PBXFileReference; lastKnownFileType = sourcecode.swift; path = WorkoutSelectionView.swift; sourceTree = "<group>"; };
		B6E30C4026851996007CCA38 /* WorkoutControlsView.swift */ = {isa = PBXFileReference; lastKnownFileType = sourcecode.swift; path = WorkoutControlsView.swift; sourceTree = "<group>"; };
		B6E30C42268519B8007CCA38 /* WorkoutRunningView.swift */ = {isa = PBXFileReference; lastKnownFileType = sourcecode.swift; path = WorkoutRunningView.swift; sourceTree = "<group>"; };
/* End PBXFileReference section */

/* Begin PBXFrameworksBuildPhase section */
		B615E02F2683BD1900B5DC91 /* Frameworks */ = {
			isa = PBXFrameworksBuildPhase;
			buildActionMask = 2147483647;
			files = (
				B62EF90C269E211F0067E894 /* Solar in Frameworks */,
				B650A96626879E5B0042B33D /* HealthKit.framework in Frameworks */,
				B697B4FE268B9A77003558C8 /* Swinject in Frameworks */,
			);
			runOnlyForDeploymentPostprocessing = 0;
		};
		B615E0492683BD1900B5DC91 /* Frameworks */ = {
			isa = PBXFrameworksBuildPhase;
			buildActionMask = 2147483647;
			files = (
			);
			runOnlyForDeploymentPostprocessing = 0;
		};
/* End PBXFrameworksBuildPhase section */

/* Begin PBXGroup section */
		B615E01B2683BD1800B5DC91 = {
			isa = PBXGroup;
			children = (
				B634FC5526AF4A740082AE4E /* HeartZones */,
				B615E02A2683BD1800B5DC91 /* HeartZones WatchKit App */,
				B615E0362683BD1900B5DC91 /* HeartZones WatchKit Extension */,
				B615E04F2683BD1900B5DC91 /* HeartZonesTests */,
				B615E0232683BD1800B5DC91 /* Products */,
				B650A96426879E5B0042B33D /* Frameworks */,
			);
			sourceTree = "<group>";
		};
		B615E0232683BD1800B5DC91 /* Products */ = {
			isa = PBXGroup;
			children = (
				B615E0222683BD1800B5DC91 /* HeartZones.app */,
				B615E0262683BD1800B5DC91 /* HeartZonesKit.app */,
				B615E0322683BD1900B5DC91 /* HeartZones WatchKit Extension.appex */,
				B615E04C2683BD1900B5DC91 /* HeartZonesTests.xctest */,
			);
			name = Products;
			sourceTree = "<group>";
		};
		B615E02A2683BD1800B5DC91 /* HeartZones WatchKit App */ = {
			isa = PBXGroup;
			children = (
				B6628A75268A56CB00901D17 /* Interface.storyboard */,
				B615E02B2683BD1900B5DC91 /* Assets.xcassets */,
				B615E02D2683BD1900B5DC91 /* Info.plist */,
			);
			path = "HeartZones WatchKit App";
			sourceTree = "<group>";
		};
		B615E0362683BD1900B5DC91 /* HeartZones WatchKit Extension */ = {
			isa = PBXGroup;
			children = (
				B661A3F026B5621100E78D8E /* Repositories */,
				B6B6EC98268E464B00170E39 /* Helpers */,
				B650A96326879E5B0042B33D /* HeartZones WatchKit Extension.entitlements */,
				B650A967268885220042B33D /* Models */,
				B650A960268799B40042B33D /* Services */,
				B6E30C3D26851739007CCA38 /* Views */,
				B650A95D26878E0C0042B33D /* ViewModels */,
				B615E0372683BD1900B5DC91 /* HeartZonesApp.swift */,
				B6628A70268A538300901D17 /* ExtensionDelegate.swift */,
				B6628A6F268A538300901D17 /* HostingController.swift */,
				B615E0412683BD1900B5DC91 /* Assets.xcassets */,
				B615E0462683BD1900B5DC91 /* Info.plist */,
				B615E0472683BD1900B5DC91 /* PushNotificationPayload.apns */,
				B615E0432683BD1900B5DC91 /* Preview Content */,
			);
			path = "HeartZones WatchKit Extension";
			sourceTree = "<group>";
		};
		B615E0432683BD1900B5DC91 /* Preview Content */ = {
			isa = PBXGroup;
			children = (
				B615E0442683BD1900B5DC91 /* Preview Assets.xcassets */,
			);
			path = "Preview Content";
			sourceTree = "<group>";
		};
		B615E04F2683BD1900B5DC91 /* HeartZonesTests */ = {
			isa = PBXGroup;
			children = (
				B63AB84126983F99007E07E9 /* Fakes */,
				B63AB84026983F92007E07E9 /* Mocks */,
				B615E0522683BD1900B5DC91 /* Info.plist */,
				B607E15A268E1EA90069FEA4 /* BpmContainerTests.swift */,
				B63AB83E26983C99007E07E9 /* HeartZoneServiceTests.swift */,
				B6AFC1A726A59BD100616311 /* BeepingServiceTests.swift */,
				B6AFC1AC26A5A33400616311 /* HeartZoneSettingsTests.swift */,
				B6AFC1AE26A5A41800616311 /* DistanceContainerTests.swift */,
				B62DDBE226AC2F06001D3D26 /* AuthorizationManagerTests.swift */,
				B6046DF626B1B26100BD43C1 /* SameElementsContainerTests.swift */,
				B64E5CEE26B1EFBF0087F246 /* HeartZoneStateTests.swift */,
			);
			path = HeartZonesTests;
			sourceTree = "<group>";
		};
		B634FC5526AF4A740082AE4E /* HeartZones */ = {
			isa = PBXGroup;
			children = (
				B634FC5626AF4A860082AE4E /* Info.plist */,
			);
			path = HeartZones;
			sourceTree = "<group>";
		};
		B637F8D626BFC08800D81AA6 /* Strategies */ = {
			isa = PBXGroup;
			children = (
				B637F8D726BFC12A00D81AA6 /* EnergyShowingStrategy.swift */,
				B637F8D926BFC8A400D81AA6 /* DistanceShowingStrategy.swift */,
				B60BE83227385DA600A28A26 /* ShowingStrategyFacade.swift */,
			);
			path = Strategies;
			sourceTree = "<group>";
		};
		B63AB84026983F92007E07E9 /* Mocks */ = {
			isa = PBXGroup;
			children = (
				B63AB84426983FE2007E07E9 /* DeviceBeeperMock.swift */,
				B6AFC1A926A59C4D00616311 /* BeepingServiceMock.swift */,
				B62DDBDE26AC0DEA001D3D26 /* HealthKitServiceMock.swift */,
				B64E5CF026B1F0C20087F246 /* ZoneStateManagerMock.swift */,
			);
			path = Mocks;
			sourceTree = "<group>";
		};
		B63AB84126983F99007E07E9 /* Fakes */ = {
			isa = PBXGroup;
			children = (
				B63AB84226983FB2007E07E9 /* WorkoutServiceFake.swift */,
				B6607B2626AC4CB700C0C0EE /* AuthorizableFake.swift */,
				B661A3F726B572D200E78D8E /* SettingsRepositoryFake.swift */,
				B6B14A7026B68B65003CAF97 /* SettingsServiceFake.swift */,
			);
			path = Fakes;
			sourceTree = "<group>";
		};
		B650A95C26878DB40042B33D /* Helpers */ = {
			isa = PBXGroup;
			children = (
				B650A95A26878DAD0042B33D /* PieSegmentView.swift */,
				B610ABA626923FCC00DA3FA8 /* SunView.swift */,
				B64D61EA26A342DC003E0737 /* SunViewWithMinutes.swift */,
				B661A3F526B56D5300E78D8E /* LazyView.swift */,
				B66C863927133DDC00C03FD4 /* HeartZoneCircularPickerView.swift */,
			);
			path = Helpers;
			sourceTree = "<group>";
		};
		B650A95D26878E0C0042B33D /* ViewModels */ = {
			isa = PBXGroup;
			children = (
				B637F8D626BFC08800D81AA6 /* Strategies */,
				B650A95E26878E1F0042B33D /* WorkoutViewModel.swift */,
				B650A96A2688857E0042B33D /* WorkoutSelectionViewModel.swift */,
				B697B4FF268BBD6E003558C8 /* WorkoutControlsViewModel.swift */,
				B661A3F326B5625700E78D8E /* SettingsViewModel.swift */,
				B6DD62E72702085500E639B0 /* HeartZoneSettingsViewModel.swift */,
				B636EF1A272B235E0038BD85 /* WorkoutSummaryViewModel.swift */,
			);
			path = ViewModels;
			sourceTree = "<group>";
		};
		B650A960268799B40042B33D /* Services */ = {
			isa = PBXGroup;
			children = (
				B67A7BA32709FB3B00D70C37 /* Persistence */,
				B6AFC1A626A5917B00616311 /* Utils */,
				B650A961268799C60042B33D /* WorkoutService.swift */,
				B650A970268895800042B33D /* HeartZoneService.swift */,
				B6046DF426B19E1900BD43C1 /* HeartZoneState.swift */,
				B62EF907269E1FE40067E894 /* SunService.swift */,
				B6AFC1A426A5917100616311 /* BeepingService.swift */,
			);
			path = Services;
			sourceTree = "<group>";
		};
		B650A96426879E5B0042B33D /* Frameworks */ = {
			isa = PBXGroup;
			children = (
				B650A9722688C3A80042B33D /* CoreGraphics.framework */,
				B650A96526879E5B0042B33D /* HealthKit.framework */,
			);
			name = Frameworks;
			sourceTree = "<group>";
		};
		B650A967268885220042B33D /* Models */ = {
			isa = PBXGroup;
			children = (
				B650A96E2688955F0042B33D /* HeartZone.swift */,
				B650A9682688853A0042B33D /* WorkoutType.swift */,
				B650A96C26888AD10042B33D /* Workout.swift */,
				B6B14A7226B6D08E003CAF97 /* Metrics.swift */,
			);
			path = Models;
			sourceTree = "<group>";
		};
		B661A3F026B5621100E78D8E /* Repositories */ = {
			isa = PBXGroup;
			children = (
				B68999142709FF0B00F92061 /* Utils */,
				B661A3F126B5622000E78D8E /* SettingsRepository.swift */,
			);
			path = Repositories;
			sourceTree = "<group>";
		};
		B67A7BA32709FB3B00D70C37 /* Persistence */ = {
			isa = PBXGroup;
			children = (
				B6B14A6E26B6865F003CAF97 /* SettingsService.swift */,
			);
			path = Persistence;
			sourceTree = "<group>";
		};
		B68999142709FF0B00F92061 /* Utils */ = {
			isa = PBXGroup;
			children = (
				B68999122709FD1500F92061 /* UserDefaultsManager.swift */,
			);
			path = Utils;
			sourceTree = "<group>";
		};
		B6AFC1A626A5917B00616311 /* Utils */ = {
			isa = PBXGroup;
			children = (
				B63AB83C269780FA007E07E9 /* DeviceBeepingManager.swift */,
				B63AB8462698DB56007E07E9 /* LocationManager.swift */,
				B62DDBDC26ABFC0D001D3D26 /* HealthKitService.swift */,
				B62DDBE026AC22A5001D3D26 /* AuthorizationManager.swift */,
				B6D1397E26B3105200396285 /* DeviceBeeper.swift */,
			);
			path = Utils;
			sourceTree = "<group>";
		};
		B6B6EC98268E464B00170E39 /* Helpers */ = {
			isa = PBXGroup;
			children = (
				B6B6EC99268E465800170E39 /* Containers.swift */,
			);
			path = Helpers;
			sourceTree = "<group>";
		};
		B6E30C3D26851739007CCA38 /* Views */ = {
			isa = PBXGroup;
			children = (
				B650A95C26878DB40042B33D /* Helpers */,
				B6E30C3B26850F73007CCA38 /* WorkoutSelectionView.swift */,
				B6E30C4026851996007CCA38 /* WorkoutControlsView.swift */,
				B6E30C42268519B8007CCA38 /* WorkoutRunningView.swift */,
				B661A3EE26B536D200E78D8E /* SettingsView.swift */,
				B6CD785926FF291E00C195BD /* HeartZonesSettingsView.swift */,
				B636EF18272B234B0038BD85 /* WorkoutSummaryView.swift */,
			);
			path = Views;
			sourceTree = "<group>";
		};
/* End PBXGroup section */

/* Begin PBXNativeTarget section */
		B615E0212683BD1800B5DC91 /* HeartZones */ = {
			isa = PBXNativeTarget;
			buildConfigurationList = B615E0682683BD1900B5DC91 /* Build configuration list for PBXNativeTarget "HeartZones" */;
			buildPhases = (
				B615E0202683BD1800B5DC91 /* Resources */,
				B615E0672683BD1900B5DC91 /* Embed Watch Content */,
			);
			buildRules = (
			);
			dependencies = (
				B615E0292683BD1800B5DC91 /* PBXTargetDependency */,
			);
			name = HeartZones;
			packageProductDependencies = (
				B697B4FC268B9A70003558C8 /* Swinject */,
				B62EF90A269E21150067E894 /* Solar */,
			);
			productName = HeartZones;
			productReference = B615E0222683BD1800B5DC91 /* HeartZones.app */;
			productType = "com.apple.product-type.application.watchapp2-container";
		};
		B615E0252683BD1800B5DC91 /* HeartZonesKit */ = {
			isa = PBXNativeTarget;
			buildConfigurationList = B615E0642683BD1900B5DC91 /* Build configuration list for PBXNativeTarget "HeartZonesKit" */;
			buildPhases = (
				B615E0242683BD1800B5DC91 /* Resources */,
				B615E0632683BD1900B5DC91 /* Embed App Extensions */,
			);
			buildRules = (
			);
			dependencies = (
				B615E0352683BD1900B5DC91 /* PBXTargetDependency */,
			);
			name = HeartZonesKit;
			productName = "HeartZones WatchKit App";
			productReference = B615E0262683BD1800B5DC91 /* HeartZonesKit.app */;
			productType = "com.apple.product-type.application.watchapp2";
		};
		B615E0312683BD1900B5DC91 /* HeartZones WatchKit Extension */ = {
			isa = PBXNativeTarget;
			buildConfigurationList = B615E0602683BD1900B5DC91 /* Build configuration list for PBXNativeTarget "HeartZones WatchKit Extension" */;
			buildPhases = (
				B615E02E2683BD1900B5DC91 /* Sources */,
				B615E02F2683BD1900B5DC91 /* Frameworks */,
				B615E0302683BD1900B5DC91 /* Resources */,
			);
			buildRules = (
			);
			dependencies = (
			);
			name = "HeartZones WatchKit Extension";
			packageProductDependencies = (
				B697B4FD268B9A77003558C8 /* Swinject */,
				B62EF90B269E211F0067E894 /* Solar */,
			);
			productName = "HeartZones WatchKit Extension";
			productReference = B615E0322683BD1900B5DC91 /* HeartZones WatchKit Extension.appex */;
			productType = "com.apple.product-type.watchkit2-extension";
		};
		B615E04B2683BD1900B5DC91 /* HeartZonesTests */ = {
			isa = PBXNativeTarget;
			buildConfigurationList = B615E06B2683BD1900B5DC91 /* Build configuration list for PBXNativeTarget "HeartZonesTests" */;
			buildPhases = (
				B615E0482683BD1900B5DC91 /* Sources */,
				B615E0492683BD1900B5DC91 /* Frameworks */,
				B615E04A2683BD1900B5DC91 /* Resources */,
			);
			buildRules = (
			);
			dependencies = (
				B615E04E2683BD1900B5DC91 /* PBXTargetDependency */,
			);
			name = HeartZonesTests;
			productName = HeartZonesTests;
			productReference = B615E04C2683BD1900B5DC91 /* HeartZonesTests.xctest */;
			productType = "com.apple.product-type.bundle.unit-test";
		};
/* End PBXNativeTarget section */

/* Begin PBXProject section */
		B615E01C2683BD1800B5DC91 /* Project object */ = {
			isa = PBXProject;
			attributes = {
				LastSwiftUpdateCheck = 1250;
				LastUpgradeCheck = 1250;
				TargetAttributes = {
					B615E0212683BD1800B5DC91 = {
						CreatedOnToolsVersion = 12.5;
					};
					B615E0252683BD1800B5DC91 = {
						CreatedOnToolsVersion = 12.5;
					};
					B615E0312683BD1900B5DC91 = {
						CreatedOnToolsVersion = 12.5;
					};
					B615E04B2683BD1900B5DC91 = {
						CreatedOnToolsVersion = 12.5;
						TestTargetID = B615E0312683BD1900B5DC91;
					};
				};
			};
			buildConfigurationList = B615E01F2683BD1800B5DC91 /* Build configuration list for PBXProject "HeartZones" */;
			compatibilityVersion = "Xcode 9.3";
			developmentRegion = en;
			hasScannedForEncodings = 0;
			knownRegions = (
				en,
				Base,
			);
			mainGroup = B615E01B2683BD1800B5DC91;
			packageReferences = (
				B697B4FB268B9A70003558C8 /* XCRemoteSwiftPackageReference "Swinject" */,
				B62EF909269E21150067E894 /* XCRemoteSwiftPackageReference "Solar" */,
			);
			productRefGroup = B615E0232683BD1800B5DC91 /* Products */;
			projectDirPath = "";
			projectRoot = "";
			targets = (
				B615E0212683BD1800B5DC91 /* HeartZones */,
				B615E0252683BD1800B5DC91 /* HeartZonesKit */,
				B615E0312683BD1900B5DC91 /* HeartZones WatchKit Extension */,
				B615E04B2683BD1900B5DC91 /* HeartZonesTests */,
			);
		};
/* End PBXProject section */

/* Begin PBXResourcesBuildPhase section */
		B615E0202683BD1800B5DC91 /* Resources */ = {
			isa = PBXResourcesBuildPhase;
			buildActionMask = 2147483647;
			files = (
			);
			runOnlyForDeploymentPostprocessing = 0;
		};
		B615E0242683BD1800B5DC91 /* Resources */ = {
			isa = PBXResourcesBuildPhase;
			buildActionMask = 2147483647;
			files = (
				B63E638A268B5962006593AA /* Interface.storyboard in Resources */,
				B615E02C2683BD1900B5DC91 /* Assets.xcassets in Resources */,
			);
			runOnlyForDeploymentPostprocessing = 0;
		};
		B615E0302683BD1900B5DC91 /* Resources */ = {
			isa = PBXResourcesBuildPhase;
			buildActionMask = 2147483647;
			files = (
				B615E0452683BD1900B5DC91 /* Preview Assets.xcassets in Resources */,
				B615E0422683BD1900B5DC91 /* Assets.xcassets in Resources */,
			);
			runOnlyForDeploymentPostprocessing = 0;
		};
		B615E04A2683BD1900B5DC91 /* Resources */ = {
			isa = PBXResourcesBuildPhase;
			buildActionMask = 2147483647;
			files = (
			);
			runOnlyForDeploymentPostprocessing = 0;
		};
/* End PBXResourcesBuildPhase section */

/* Begin PBXSourcesBuildPhase section */
		B615E02E2683BD1900B5DC91 /* Sources */ = {
			isa = PBXSourcesBuildPhase;
			buildActionMask = 2147483647;
			files = (
				B6B14A6F26B6865F003CAF97 /* SettingsService.swift in Sources */,
				B66C863A27133DDC00C03FD4 /* HeartZoneCircularPickerView.swift in Sources */,
				B6607B2526AC40C400C0C0EE /* AuthorizationManager.swift in Sources */,
				B636EF19272B234B0038BD85 /* WorkoutSummaryView.swift in Sources */,
				B650A95F26878E1F0042B33D /* WorkoutViewModel.swift in Sources */,
				B6E30C43268519B8007CCA38 /* WorkoutRunningView.swift in Sources */,
				B62EF908269E1FE40067E894 /* SunService.swift in Sources */,
				B60BE83327385DA600A28A26 /* ShowingStrategyFacade.swift in Sources */,
				B6E30C4126851996007CCA38 /* WorkoutControlsView.swift in Sources */,
				B650A9692688853A0042B33D /* WorkoutType.swift in Sources */,
				B6628A71268A538300901D17 /* HostingController.swift in Sources */,
				B63AB83D269780FA007E07E9 /* DeviceBeepingManager.swift in Sources */,
				B6B6EC9A268E465800170E39 /* Containers.swift in Sources */,
				B6628A72268A538300901D17 /* ExtensionDelegate.swift in Sources */,
				B63AB8472698DB57007E07E9 /* LocationManager.swift in Sources */,
				B650A96F2688955F0042B33D /* HeartZone.swift in Sources */,
				B6E30C3C26850F73007CCA38 /* WorkoutSelectionView.swift in Sources */,
				B6DD62E82702085500E639B0 /* HeartZoneSettingsViewModel.swift in Sources */,
				B637F8DA26BFC8A400D81AA6 /* DistanceShowingStrategy.swift in Sources */,
				B661A3F626B56D5300E78D8E /* LazyView.swift in Sources */,
				B6B14A7326B6D08E003CAF97 /* Metrics.swift in Sources */,
				B6046DF526B19E1900BD43C1 /* HeartZoneState.swift in Sources */,
				B661A3F226B5622000E78D8E /* SettingsRepository.swift in Sources */,
				B637F8D826BFC12A00D81AA6 /* EnergyShowingStrategy.swift in Sources */,
				B62DDBDD26ABFC0D001D3D26 /* HealthKitService.swift in Sources */,
				B68999132709FD1500F92061 /* UserDefaultsManager.swift in Sources */,
				B610ABA726923FCC00DA3FA8 /* SunView.swift in Sources */,
				B64D61EB26A342DC003E0737 /* SunViewWithMinutes.swift in Sources */,
				B650A962268799C60042B33D /* WorkoutService.swift in Sources */,
				B697B500268BBD6E003558C8 /* WorkoutControlsViewModel.swift in Sources */,
				B650A971268895800042B33D /* HeartZoneService.swift in Sources */,
				B6AFC1A526A5917100616311 /* BeepingService.swift in Sources */,
				B650A95B26878DAD0042B33D /* PieSegmentView.swift in Sources */,
				B650A96B2688857E0042B33D /* WorkoutSelectionViewModel.swift in Sources */,
				B650A96D26888AD10042B33D /* Workout.swift in Sources */,
				B6D1397F26B3105200396285 /* DeviceBeeper.swift in Sources */,
				B661A3EF26B536D200E78D8E /* SettingsView.swift in Sources */,
				B661A3F426B5625700E78D8E /* SettingsViewModel.swift in Sources */,
				B636EF1B272B235E0038BD85 /* WorkoutSummaryViewModel.swift in Sources */,
			);
			runOnlyForDeploymentPostprocessing = 0;
		};
		B615E0482683BD1900B5DC91 /* Sources */ = {
			isa = PBXSourcesBuildPhase;
			buildActionMask = 2147483647;
			files = (
				B6AFC1AF26A5A41800616311 /* DistanceContainerTests.swift in Sources */,
				B63AB84326983FB2007E07E9 /* WorkoutServiceFake.swift in Sources */,
				B62DDBDF26AC0DEA001D3D26 /* HealthKitServiceMock.swift in Sources */,
				B6607B2726AC4CB700C0C0EE /* AuthorizableFake.swift in Sources */,
				B6046DF726B1B26100BD43C1 /* SameElementsContainerTests.swift in Sources */,
				B64E5CF126B1F0C20087F246 /* ZoneStateManagerMock.swift in Sources */,
				B64E5CEF26B1EFBF0087F246 /* HeartZoneStateTests.swift in Sources */,
				B63AB83F26983C99007E07E9 /* HeartZoneServiceTests.swift in Sources */,
				B63AB84526983FE2007E07E9 /* DeviceBeeperMock.swift in Sources */,
				B661A3F826B572D200E78D8E /* SettingsRepositoryFake.swift in Sources */,
				B6AFC1AD26A5A33400616311 /* HeartZoneSettingsTests.swift in Sources */,
				B607E15B268E1EA90069FEA4 /* BpmContainerTests.swift in Sources */,
				B6AFC1AB26A5A03E00616311 /* BeepingServiceTests.swift in Sources */,
				B6B14A7126B68B65003CAF97 /* SettingsServiceFake.swift in Sources */,
				B6AFC1AA26A59C4D00616311 /* BeepingServiceMock.swift in Sources */,
				B62DDBE326AC2F06001D3D26 /* AuthorizationManagerTests.swift in Sources */,
			);
			runOnlyForDeploymentPostprocessing = 0;
		};
/* End PBXSourcesBuildPhase section */

/* Begin PBXTargetDependency section */
		B615E0292683BD1800B5DC91 /* PBXTargetDependency */ = {
			isa = PBXTargetDependency;
			target = B615E0252683BD1800B5DC91 /* HeartZonesKit */;
			targetProxy = B615E0282683BD1800B5DC91 /* PBXContainerItemProxy */;
		};
		B615E0352683BD1900B5DC91 /* PBXTargetDependency */ = {
			isa = PBXTargetDependency;
			target = B615E0312683BD1900B5DC91 /* HeartZones WatchKit Extension */;
			targetProxy = B615E0342683BD1900B5DC91 /* PBXContainerItemProxy */;
		};
		B615E04E2683BD1900B5DC91 /* PBXTargetDependency */ = {
			isa = PBXTargetDependency;
			target = B615E0312683BD1900B5DC91 /* HeartZones WatchKit Extension */;
			targetProxy = B615E04D2683BD1900B5DC91 /* PBXContainerItemProxy */;
		};
/* End PBXTargetDependency section */

/* Begin XCBuildConfiguration section */
		B615E05E2683BD1900B5DC91 /* Debug */ = {
			isa = XCBuildConfiguration;
			buildSettings = {
				ALWAYS_SEARCH_USER_PATHS = NO;
				CLANG_ANALYZER_NONNULL = YES;
				CLANG_ANALYZER_NUMBER_OBJECT_CONVERSION = YES_AGGRESSIVE;
				CLANG_CXX_LANGUAGE_STANDARD = "gnu++14";
				CLANG_CXX_LIBRARY = "libc++";
				CLANG_ENABLE_MODULES = YES;
				CLANG_ENABLE_OBJC_ARC = YES;
				CLANG_ENABLE_OBJC_WEAK = YES;
				CLANG_WARN_BLOCK_CAPTURE_AUTORELEASING = YES;
				CLANG_WARN_BOOL_CONVERSION = YES;
				CLANG_WARN_COMMA = YES;
				CLANG_WARN_CONSTANT_CONVERSION = YES;
				CLANG_WARN_DEPRECATED_OBJC_IMPLEMENTATIONS = YES;
				CLANG_WARN_DIRECT_OBJC_ISA_USAGE = YES_ERROR;
				CLANG_WARN_DOCUMENTATION_COMMENTS = YES;
				CLANG_WARN_EMPTY_BODY = YES;
				CLANG_WARN_ENUM_CONVERSION = YES;
				CLANG_WARN_INFINITE_RECURSION = YES;
				CLANG_WARN_INT_CONVERSION = YES;
				CLANG_WARN_NON_LITERAL_NULL_CONVERSION = YES;
				CLANG_WARN_OBJC_IMPLICIT_RETAIN_SELF = YES;
				CLANG_WARN_OBJC_LITERAL_CONVERSION = YES;
				CLANG_WARN_OBJC_ROOT_CLASS = YES_ERROR;
				CLANG_WARN_QUOTED_INCLUDE_IN_FRAMEWORK_HEADER = YES;
				CLANG_WARN_RANGE_LOOP_ANALYSIS = YES;
				CLANG_WARN_STRICT_PROTOTYPES = YES;
				CLANG_WARN_SUSPICIOUS_MOVE = YES;
				CLANG_WARN_UNGUARDED_AVAILABILITY = YES_AGGRESSIVE;
				CLANG_WARN_UNREACHABLE_CODE = YES;
				CLANG_WARN__DUPLICATE_METHOD_MATCH = YES;
				COPY_PHASE_STRIP = NO;
				DEBUG_INFORMATION_FORMAT = "dwarf-with-dsym";
				ENABLE_STRICT_OBJC_MSGSEND = YES;
				ENABLE_TESTABILITY = YES;
				GCC_C_LANGUAGE_STANDARD = gnu11;
				GCC_DYNAMIC_NO_PIC = NO;
				GCC_NO_COMMON_BLOCKS = YES;
				GCC_OPTIMIZATION_LEVEL = 0;
				GCC_PREPROCESSOR_DEFINITIONS = (
					"DEBUG=1",
					"$(inherited)",
				);
				GCC_WARN_64_TO_32_BIT_CONVERSION = YES;
				GCC_WARN_ABOUT_RETURN_TYPE = YES_ERROR;
				GCC_WARN_UNDECLARED_SELECTOR = YES;
				GCC_WARN_UNINITIALIZED_AUTOS = YES_AGGRESSIVE;
				GCC_WARN_UNUSED_FUNCTION = YES;
				GCC_WARN_UNUSED_VARIABLE = YES;
				MTL_ENABLE_DEBUG_INFO = INCLUDE_SOURCE;
				MTL_FAST_MATH = YES;
				ONLY_ACTIVE_ARCH = YES;
				SDKROOT = iphoneos;
				SWIFT_ACTIVE_COMPILATION_CONDITIONS = DEBUG;
				SWIFT_OPTIMIZATION_LEVEL = "-Onone";
			};
			name = Debug;
		};
		B615E05F2683BD1900B5DC91 /* Release */ = {
			isa = XCBuildConfiguration;
			buildSettings = {
				ALWAYS_SEARCH_USER_PATHS = NO;
				CLANG_ANALYZER_NONNULL = YES;
				CLANG_ANALYZER_NUMBER_OBJECT_CONVERSION = YES_AGGRESSIVE;
				CLANG_CXX_LANGUAGE_STANDARD = "gnu++14";
				CLANG_CXX_LIBRARY = "libc++";
				CLANG_ENABLE_MODULES = YES;
				CLANG_ENABLE_OBJC_ARC = YES;
				CLANG_ENABLE_OBJC_WEAK = YES;
				CLANG_WARN_BLOCK_CAPTURE_AUTORELEASING = YES;
				CLANG_WARN_BOOL_CONVERSION = YES;
				CLANG_WARN_COMMA = YES;
				CLANG_WARN_CONSTANT_CONVERSION = YES;
				CLANG_WARN_DEPRECATED_OBJC_IMPLEMENTATIONS = YES;
				CLANG_WARN_DIRECT_OBJC_ISA_USAGE = YES_ERROR;
				CLANG_WARN_DOCUMENTATION_COMMENTS = YES;
				CLANG_WARN_EMPTY_BODY = YES;
				CLANG_WARN_ENUM_CONVERSION = YES;
				CLANG_WARN_INFINITE_RECURSION = YES;
				CLANG_WARN_INT_CONVERSION = YES;
				CLANG_WARN_NON_LITERAL_NULL_CONVERSION = YES;
				CLANG_WARN_OBJC_IMPLICIT_RETAIN_SELF = YES;
				CLANG_WARN_OBJC_LITERAL_CONVERSION = YES;
				CLANG_WARN_OBJC_ROOT_CLASS = YES_ERROR;
				CLANG_WARN_QUOTED_INCLUDE_IN_FRAMEWORK_HEADER = YES;
				CLANG_WARN_RANGE_LOOP_ANALYSIS = YES;
				CLANG_WARN_STRICT_PROTOTYPES = YES;
				CLANG_WARN_SUSPICIOUS_MOVE = YES;
				CLANG_WARN_UNGUARDED_AVAILABILITY = YES_AGGRESSIVE;
				CLANG_WARN_UNREACHABLE_CODE = YES;
				CLANG_WARN__DUPLICATE_METHOD_MATCH = YES;
				COPY_PHASE_STRIP = NO;
				DEBUG_INFORMATION_FORMAT = "dwarf-with-dsym";
				ENABLE_NS_ASSERTIONS = NO;
				ENABLE_STRICT_OBJC_MSGSEND = YES;
				GCC_C_LANGUAGE_STANDARD = gnu11;
				GCC_NO_COMMON_BLOCKS = YES;
				GCC_WARN_64_TO_32_BIT_CONVERSION = YES;
				GCC_WARN_ABOUT_RETURN_TYPE = YES_ERROR;
				GCC_WARN_UNDECLARED_SELECTOR = YES;
				GCC_WARN_UNINITIALIZED_AUTOS = YES_AGGRESSIVE;
				GCC_WARN_UNUSED_FUNCTION = YES;
				GCC_WARN_UNUSED_VARIABLE = YES;
				MTL_ENABLE_DEBUG_INFO = NO;
				MTL_FAST_MATH = YES;
				SDKROOT = iphoneos;
				SWIFT_COMPILATION_MODE = wholemodule;
				SWIFT_OPTIMIZATION_LEVEL = "-O";
				VALIDATE_PRODUCT = YES;
			};
			name = Release;
		};
		B615E0612683BD1900B5DC91 /* Debug */ = {
			isa = XCBuildConfiguration;
			buildSettings = {
				ASSETCATALOG_COMPILER_COMPLICATION_NAME = Complication;
				CODE_SIGN_ENTITLEMENTS = "HeartZones WatchKit Extension/HeartZones WatchKit Extension.entitlements";
				CODE_SIGN_STYLE = Automatic;
				CURRENT_PROJECT_VERSION = 1;
				DEAD_CODE_STRIPPING = NO;
				DEVELOPMENT_ASSET_PATHS = "\"HeartZones WatchKit Extension/Preview Content\"";
				DEVELOPMENT_TEAM = DUTU9Q7M96;
				ENABLE_PREVIEWS = YES;
				ENABLE_TESTING_SEARCH_PATHS = YES;
				INFOPLIST_FILE = "HeartZones WatchKit Extension/Info.plist";
				IPHONEOS_DEPLOYMENT_TARGET = 13.0;
				LD_RUNPATH_SEARCH_PATHS = (
					"$(inherited)",
					"@executable_path/Frameworks",
					"@executable_path/../../Frameworks",
				);
				MARKETING_VERSION = 1.1.0;
				PRODUCT_BUNDLE_IDENTIFIER = online.trender.heartzones.watchkitapp.watchkitextension;
				PRODUCT_NAME = "${TARGET_NAME}";
				SDKROOT = watchos;
				SKIP_INSTALL = YES;
				SWIFT_VERSION = 5.0;
				TARGETED_DEVICE_FAMILY = 4;
				WATCHOS_DEPLOYMENT_TARGET = 6.0;
			};
			name = Debug;
		};
		B615E0622683BD1900B5DC91 /* Release */ = {
			isa = XCBuildConfiguration;
			buildSettings = {
				ASSETCATALOG_COMPILER_COMPLICATION_NAME = Complication;
				CODE_SIGN_ENTITLEMENTS = "HeartZones WatchKit Extension/HeartZones WatchKit Extension.entitlements";
				CODE_SIGN_STYLE = Automatic;
				CURRENT_PROJECT_VERSION = 1;
				DEAD_CODE_STRIPPING = NO;
				DEVELOPMENT_ASSET_PATHS = "\"HeartZones WatchKit Extension/Preview Content\"";
				DEVELOPMENT_TEAM = DUTU9Q7M96;
				ENABLE_PREVIEWS = YES;
				ENABLE_TESTING_SEARCH_PATHS = YES;
				INFOPLIST_FILE = "HeartZones WatchKit Extension/Info.plist";
				IPHONEOS_DEPLOYMENT_TARGET = 13.0;
				LD_RUNPATH_SEARCH_PATHS = (
					"$(inherited)",
					"@executable_path/Frameworks",
					"@executable_path/../../Frameworks",
				);
				MARKETING_VERSION = 1.1.0;
				PRODUCT_BUNDLE_IDENTIFIER = online.trender.heartzones.watchkitapp.watchkitextension;
				PRODUCT_NAME = "${TARGET_NAME}";
				SDKROOT = watchos;
				SKIP_INSTALL = YES;
				SWIFT_VERSION = 5.0;
				TARGETED_DEVICE_FAMILY = 4;
				WATCHOS_DEPLOYMENT_TARGET = 6.0;
			};
			name = Release;
		};
		B615E0652683BD1900B5DC91 /* Debug */ = {
			isa = XCBuildConfiguration;
			buildSettings = {
				ALWAYS_EMBED_SWIFT_STANDARD_LIBRARIES = YES;
				ASSETCATALOG_COMPILER_APPICON_NAME = AppIcon;
				ASSETCATALOG_COMPILER_GLOBAL_ACCENT_COLOR_NAME = AccentColor;
				ASSETCATALOG_COMPILER_INCLUDE_ALL_APPICON_ASSETS = NO;
				CODE_SIGN_STYLE = Automatic;
				CURRENT_PROJECT_VERSION = 1;
				DEAD_CODE_STRIPPING = YES;
				DEVELOPMENT_TEAM = DUTU9Q7M96;
				ENABLE_TESTING_SEARCH_PATHS = NO;
				IBSC_MODULE = HeartZones_WatchKit_Extension;
				INFOPLIST_FILE = "HeartZones WatchKit App/Info.plist";
				IPHONEOS_DEPLOYMENT_TARGET = 13.0;
				MARKETING_VERSION = 1.1.0;
				PRODUCT_BUNDLE_IDENTIFIER = online.trender.heartzones.watchkitapp;
				PRODUCT_NAME = "$(TARGET_NAME)";
				SDKROOT = watchos;
				SKIP_INSTALL = YES;
				SWIFT_VERSION = 5.0;
				TARGETED_DEVICE_FAMILY = 4;
				WATCHOS_DEPLOYMENT_TARGET = 6.0;
			};
			name = Debug;
		};
		B615E0662683BD1900B5DC91 /* Release */ = {
			isa = XCBuildConfiguration;
			buildSettings = {
				ALWAYS_EMBED_SWIFT_STANDARD_LIBRARIES = YES;
				ASSETCATALOG_COMPILER_APPICON_NAME = AppIcon;
				ASSETCATALOG_COMPILER_GLOBAL_ACCENT_COLOR_NAME = AccentColor;
				ASSETCATALOG_COMPILER_INCLUDE_ALL_APPICON_ASSETS = NO;
				CODE_SIGN_STYLE = Automatic;
				CURRENT_PROJECT_VERSION = 1;
				DEAD_CODE_STRIPPING = YES;
				DEVELOPMENT_TEAM = DUTU9Q7M96;
				ENABLE_TESTING_SEARCH_PATHS = NO;
				IBSC_MODULE = HeartZones_WatchKit_Extension;
				INFOPLIST_FILE = "HeartZones WatchKit App/Info.plist";
				IPHONEOS_DEPLOYMENT_TARGET = 13.0;
				MARKETING_VERSION = 1.1.0;
				PRODUCT_BUNDLE_IDENTIFIER = online.trender.heartzones.watchkitapp;
				PRODUCT_NAME = "$(TARGET_NAME)";
				SDKROOT = watchos;
				SKIP_INSTALL = YES;
				SWIFT_VERSION = 5.0;
				TARGETED_DEVICE_FAMILY = 4;
				WATCHOS_DEPLOYMENT_TARGET = 6.0;
			};
			name = Release;
		};
		B615E0692683BD1900B5DC91 /* Debug */ = {
			isa = XCBuildConfiguration;
			buildSettings = {
				CODE_SIGN_STYLE = Automatic;
				CURRENT_PROJECT_VERSION = 1;
				DEAD_CODE_STRIPPING = YES;
				DEVELOPMENT_TEAM = DUTU9Q7M96;
				INFOPLIST_FILE = HeartZones/Info.plist;
				MARKETING_VERSION = 1.1.0;
				PRODUCT_BUNDLE_IDENTIFIER = online.trender.heartzones;
				PRODUCT_NAME = "$(TARGET_NAME)";
				SWIFT_VERSION = 5.0;
				TARGETED_DEVICE_FAMILY = "1,2";
				WATCHOS_DEPLOYMENT_TARGET = 6.0;
			};
			name = Debug;
		};
		B615E06A2683BD1900B5DC91 /* Release */ = {
			isa = XCBuildConfiguration;
			buildSettings = {
				CODE_SIGN_STYLE = Automatic;
				CURRENT_PROJECT_VERSION = 1;
				DEAD_CODE_STRIPPING = YES;
				DEVELOPMENT_TEAM = DUTU9Q7M96;
				INFOPLIST_FILE = HeartZones/Info.plist;
				MARKETING_VERSION = 1.1.0;
				PRODUCT_BUNDLE_IDENTIFIER = online.trender.heartzones;
				PRODUCT_NAME = "$(TARGET_NAME)";
				SWIFT_VERSION = 5.0;
				TARGETED_DEVICE_FAMILY = "1,2";
				WATCHOS_DEPLOYMENT_TARGET = 6.0;
			};
			name = Release;
		};
		B615E06C2683BD1900B5DC91 /* Debug */ = {
			isa = XCBuildConfiguration;
			buildSettings = {
				ALWAYS_EMBED_SWIFT_STANDARD_LIBRARIES = YES;
				BUNDLE_LOADER = "$(TEST_HOST)";
				CODE_SIGN_STYLE = Automatic;
				DEVELOPMENT_TEAM = DUTU9Q7M96;
				INFOPLIST_FILE = HeartZonesTests/Info.plist;
				IPHONEOS_DEPLOYMENT_TARGET = 13.0;
				LD_RUNPATH_SEARCH_PATHS = (
					"$(inherited)",
					"@executable_path/Frameworks",
					"@loader_path/Frameworks",
				);
				PRODUCT_BUNDLE_IDENTIFIER = online.trender.heartzones.HeartZonesTests;
				PRODUCT_NAME = "$(TARGET_NAME)";
				RESOURCES_TARGETED_DEVICE_FAMILY = watch;
				SDKROOT = watchos;
				STRIP_INSTALLED_PRODUCT = YES;
				SWIFT_VERSION = 5.0;
				TARGETED_DEVICE_FAMILY = 4;
				TEST_HOST = "$(BUILT_PRODUCTS_DIR)/HeartZones WatchKit Extension.appex/HeartZones WatchKit Extension";
				WATCHOS_DEPLOYMENT_TARGET = 6.0;
			};
			name = Debug;
		};
		B615E06D2683BD1900B5DC91 /* Release */ = {
			isa = XCBuildConfiguration;
			buildSettings = {
				ALWAYS_EMBED_SWIFT_STANDARD_LIBRARIES = YES;
				BUNDLE_LOADER = "$(TEST_HOST)";
				CODE_SIGN_STYLE = Automatic;
				DEVELOPMENT_TEAM = DUTU9Q7M96;
				INFOPLIST_FILE = HeartZonesTests/Info.plist;
				IPHONEOS_DEPLOYMENT_TARGET = 13.0;
				LD_RUNPATH_SEARCH_PATHS = (
					"$(inherited)",
					"@executable_path/Frameworks",
					"@loader_path/Frameworks",
				);
				PRODUCT_BUNDLE_IDENTIFIER = online.trender.heartzones.HeartZonesTests;
				PRODUCT_NAME = "$(TARGET_NAME)";
				RESOURCES_TARGETED_DEVICE_FAMILY = watch;
				SDKROOT = watchos;
				STRIP_INSTALLED_PRODUCT = YES;
				SWIFT_VERSION = 5.0;
				TARGETED_DEVICE_FAMILY = 4;
				TEST_HOST = "$(BUILT_PRODUCTS_DIR)/HeartZones WatchKit Extension.appex/HeartZones WatchKit Extension";
				WATCHOS_DEPLOYMENT_TARGET = 6.0;
			};
			name = Release;
		};
/* End XCBuildConfiguration section */

/* Begin XCConfigurationList section */
		B615E01F2683BD1800B5DC91 /* Build configuration list for PBXProject "HeartZones" */ = {
			isa = XCConfigurationList;
			buildConfigurations = (
				B615E05E2683BD1900B5DC91 /* Debug */,
				B615E05F2683BD1900B5DC91 /* Release */,
			);
			defaultConfigurationIsVisible = 0;
			defaultConfigurationName = Release;
		};
		B615E0602683BD1900B5DC91 /* Build configuration list for PBXNativeTarget "HeartZones WatchKit Extension" */ = {
			isa = XCConfigurationList;
			buildConfigurations = (
				B615E0612683BD1900B5DC91 /* Debug */,
				B615E0622683BD1900B5DC91 /* Release */,
			);
			defaultConfigurationIsVisible = 0;
			defaultConfigurationName = Release;
		};
		B615E0642683BD1900B5DC91 /* Build configuration list for PBXNativeTarget "HeartZonesKit" */ = {
			isa = XCConfigurationList;
			buildConfigurations = (
				B615E0652683BD1900B5DC91 /* Debug */,
				B615E0662683BD1900B5DC91 /* Release */,
			);
			defaultConfigurationIsVisible = 0;
			defaultConfigurationName = Release;
		};
		B615E0682683BD1900B5DC91 /* Build configuration list for PBXNativeTarget "HeartZones" */ = {
			isa = XCConfigurationList;
			buildConfigurations = (
				B615E0692683BD1900B5DC91 /* Debug */,
				B615E06A2683BD1900B5DC91 /* Release */,
			);
			defaultConfigurationIsVisible = 0;
			defaultConfigurationName = Release;
		};
		B615E06B2683BD1900B5DC91 /* Build configuration list for PBXNativeTarget "HeartZonesTests" */ = {
			isa = XCConfigurationList;
			buildConfigurations = (
				B615E06C2683BD1900B5DC91 /* Debug */,
				B615E06D2683BD1900B5DC91 /* Release */,
			);
			defaultConfigurationIsVisible = 0;
			defaultConfigurationName = Release;
		};
/* End XCConfigurationList section */

/* Begin XCRemoteSwiftPackageReference section */
		B62EF909269E21150067E894 /* XCRemoteSwiftPackageReference "Solar" */ = {
			isa = XCRemoteSwiftPackageReference;
			repositoryURL = "https://github.com/ceeK/Solar.git";
			requirement = {
				kind = upToNextMajorVersion;
				minimumVersion = 2.2.0;
			};
		};
		B697B4FB268B9A70003558C8 /* XCRemoteSwiftPackageReference "Swinject" */ = {
			isa = XCRemoteSwiftPackageReference;
			repositoryURL = "https://github.com/Swinject/Swinject.git";
			requirement = {
				kind = upToNextMajorVersion;
				minimumVersion = 2.7.1;
			};
		};
/* End XCRemoteSwiftPackageReference section */

/* Begin XCSwiftPackageProductDependency section */
		B62EF90A269E21150067E894 /* Solar */ = {
			isa = XCSwiftPackageProductDependency;
			package = B62EF909269E21150067E894 /* XCRemoteSwiftPackageReference "Solar" */;
			productName = Solar;
		};
		B62EF90B269E211F0067E894 /* Solar */ = {
			isa = XCSwiftPackageProductDependency;
			package = B62EF909269E21150067E894 /* XCRemoteSwiftPackageReference "Solar" */;
			productName = Solar;
		};
		B697B4FC268B9A70003558C8 /* Swinject */ = {
			isa = XCSwiftPackageProductDependency;
			package = B697B4FB268B9A70003558C8 /* XCRemoteSwiftPackageReference "Swinject" */;
			productName = Swinject;
		};
		B697B4FD268B9A77003558C8 /* Swinject */ = {
			isa = XCSwiftPackageProductDependency;
			package = B697B4FB268B9A70003558C8 /* XCRemoteSwiftPackageReference "Swinject" */;
			productName = Swinject;
		};
/* End XCSwiftPackageProductDependency section */
	};
	rootObject = B615E01C2683BD1800B5DC91 /* Project object */;
}
